
Microsoft Visual Studio Solution File, Format Version 12.00
# Visual Studio Version 16
VisualStudioVersion = 25.0.1706.10
MinimumVisualStudioVersion = 10.0.40219.1
Project("{FAE04EC0-301F-11D3-BF4B-00C04F79EFBC}") = "Basics", "Basics\Basics.csproj", "{8B380246-5269-4EAC-B1FF-9D2EE4F709D5}"
EndProject
Global
	GlobalSection(SolutionConfigurationPlatforms) = preSolution
		Debug|Any CPU = Debug|Any CPU
		Release|Any CPU = Release|Any CPU
	EndGlobalSection
	GlobalSection(ProjectConfigurationPlatforms) = postSolution
		{8B380246-5269-4EAC-B1FF-9D2EE4F709D5}.Debug|Any CPU.ActiveCfg = Debug|Any CPU
		{8B380246-5269-4EAC-B1FF-9D2EE4F709D5}.Debug|Any CPU.Build.0 = Debug|Any CPU
		{8B380246-5269-4EAC-B1FF-9D2EE4F709D5}.Release|Any CPU.ActiveCfg = Release|Any CPU
		{8B380246-5269-4EAC-B1FF-9D2EE4F709D5}.Release|Any CPU.Build.0 = Release|Any CPU
	EndGlobalSection
	GlobalSection(SolutionProperties) = preSolution
		HideSolutionNode = FALSE
	EndGlobalSection
	GlobalSection(ExtensibilityGlobals) = postSolution
		SolutionGuid = {2486BBA7-7773-43FC-9C95-2FA667883E97}
	EndGlobalSection
EndGlobal
